
Microsoft Visual Studio Solution File, Format Version 11.00
# Visual C# Express 2010
Project("{FAE04EC0-301F-11D3-BF4B-00C04F79EFBC}") = "Sign-Control", "Sign-Control.csproj", "{EA5C73EC-88B5-4AFB-A2E7-D7DDF19C8E2A}"
EndProject
Global
	GlobalSection(SolutionConfigurationPlatforms) = preSolution
		Debug|Any CPU = Debug|Any CPU
		Release|Any CPU = Release|Any CPU
	EndGlobalSection
	GlobalSection(ProjectConfigurationPlatforms) = postSolution
		{EA5C73EC-88B5-4AFB-A2E7-D7DDF19C8E2A}.Debug|Any CPU.ActiveCfg = Debug|Any CPU
		{EA5C73EC-88B5-4AFB-A2E7-D7DDF19C8E2A}.Debug|Any CPU.Build.0 = Debug|Any CPU
		{EA5C73EC-88B5-4AFB-A2E7-D7DDF19C8E2A}.Release|Any CPU.ActiveCfg = Release|Any CPU
		{EA5C73EC-88B5-4AFB-A2E7-D7DDF19C8E2A}.Release|Any CPU.Build.0 = Release|Any CPU
	EndGlobalSection
	GlobalSection(SolutionProperties) = preSolution
		HideSolutionNode = FALSE
	EndGlobalSection
EndGlobal
